
Microsoft Visual Studio Solution File, Format Version 12.00
# Visual Studio Version 17
VisualStudioVersion = 17.0.31903.59
MinimumVisualStudioVersion = 10.0.40219.1
Project("{2150E333-8FDC-42A3-9474-1A3956D46DE8}") = "src", "src", "{B6D8173C-7662-4B88-90CF-BEAE516FE8E3}"
EndProject
Project("{FAE04EC0-301F-11D3-BF4B-00C04F79EFBC}") = "Mottu.Api", "src\Mottu.Api\Mottu.Api.csproj", "{E3DF05F6-4152-4E8A-A9DF-74A239B9D792}"
EndProject
Project("{FAE04EC0-301F-11D3-BF4B-00C04F79EFBC}") = "Mottu.Application", "src\Mottu.Application\Mottu.Application.csproj", "{F306A2F7-5829-4AF0-820E-77EAAFEC9583}"
EndProject
Project("{FAE04EC0-301F-11D3-BF4B-00C04F79EFBC}") = "Mottu.Domain", "src\Mottu.Domain\Mottu.Domain.csproj", "{F1B3831D-FF35-4C8F-B613-1E36C27260C3}"
EndProject
Project("{FAE04EC0-301F-11D3-BF4B-00C04F79EFBC}") = "Mottu.Infrastructure", "src\Mottu.Infrastructure\Mottu.Infrastructure.csproj", "{E4666BDE-7623-46F7-AD59-8762FFE85E90}"
EndProject
Project("{2150E333-8FDC-42A3-9474-1A3956D46DE8}") = "tests", "tests", "{32FC3484-321A-4A4A-9780-729CB603D2A0}"
EndProject
Project("{FAE04EC0-301F-11D3-BF4B-00C04F79EFBC}") = "Mottu.Api.Tests", "tests\Mottu.Api.Tests\Mottu.Api.Tests.csproj", "{610DA16A-7EC4-43EC-81F1-4FBE3B6F0032}"
EndProject
Project("{FAE04EC0-301F-11D3-BF4B-00C04F79EFBC}") = "Mottu.Application.Tests", "tests\Mottu.Application.Tests\Mottu.Application.Tests.csproj", "{BE0A498C-78DD-4D63-8C93-186812C69146}"
EndProject
Project("{FAE04EC0-301F-11D3-BF4B-00C04F79EFBC}") = "Mottu.Domain.Tests", "tests\Mottu.Domain.Tests\Mottu.Domain.Tests.csproj", "{21F82648-F3EE-4052-BDBB-7CBEB7B1C459}"
EndProject
Project("{FAE04EC0-301F-11D3-BF4B-00C04F79EFBC}") = "Mottu.Infrastructure.Tests", "tests\Mottu.Infrastructure.Tests\Mottu.Infrastructure.Tests.csproj", "{8FD06A12-6223-4ED6-AF09-370E53E88412}"
EndProject
Project("{FAE04EC0-301F-11D3-BF4B-00C04F79EFBC}") = "Mottu.Tests", "Mottu.Tests\Mottu.Tests.csproj", "{C97E78A2-E1D3-4520-BA4A-6AAFBCB04F1A}"
EndProject
Global
	GlobalSection(SolutionConfigurationPlatforms) = preSolution
		Debug|Any CPU = Debug|Any CPU
		Release|Any CPU = Release|Any CPU
	EndGlobalSection
	GlobalSection(SolutionProperties) = preSolution
		HideSolutionNode = FALSE
	EndGlobalSection
	GlobalSection(ProjectConfigurationPlatforms) = postSolution
		{E3DF05F6-4152-4E8A-A9DF-74A239B9D792}.Debug|Any CPU.ActiveCfg = Debug|Any CPU
		{E3DF05F6-4152-4E8A-A9DF-74A239B9D792}.Debug|Any CPU.Build.0 = Debug|Any CPU
		{E3DF05F6-4152-4E8A-A9DF-74A239B9D792}.Release|Any CPU.ActiveCfg = Release|Any CPU
		{E3DF05F6-4152-4E8A-A9DF-74A239B9D792}.Release|Any CPU.Build.0 = Release|Any CPU
		{F306A2F7-5829-4AF0-820E-77EAAFEC9583}.Debug|Any CPU.ActiveCfg = Debug|Any CPU
		{F306A2F7-5829-4AF0-820E-77EAAFEC9583}.Debug|Any CPU.Build.0 = Debug|Any CPU
		{F306A2F7-5829-4AF0-820E-77EAAFEC9583}.Release|Any CPU.ActiveCfg = Release|Any CPU
		{F306A2F7-5829-4AF0-820E-77EAAFEC9583}.Release|Any CPU.Build.0 = Release|Any CPU
		{F1B3831D-FF35-4C8F-B613-1E36C27260C3}.Debug|Any CPU.ActiveCfg = Debug|Any CPU
		{F1B3831D-FF35-4C8F-B613-1E36C27260C3}.Debug|Any CPU.Build.0 = Debug|Any CPU
		{F1B3831D-FF35-4C8F-B613-1E36C27260C3}.Release|Any CPU.ActiveCfg = Release|Any CPU
		{F1B3831D-FF35-4C8F-B613-1E36C27260C3}.Release|Any CPU.Build.0 = Release|Any CPU
		{E4666BDE-7623-46F7-AD59-8762FFE85E90}.Debug|Any CPU.ActiveCfg = Debug|Any CPU
		{E4666BDE-7623-46F7-AD59-8762FFE85E90}.Debug|Any CPU.Build.0 = Debug|Any CPU
		{E4666BDE-7623-46F7-AD59-8762FFE85E90}.Release|Any CPU.ActiveCfg = Release|Any CPU
		{E4666BDE-7623-46F7-AD59-8762FFE85E90}.Release|Any CPU.Build.0 = Release|Any CPU
		{610DA16A-7EC4-43EC-81F1-4FBE3B6F0032}.Debug|Any CPU.ActiveCfg = Debug|Any CPU
		{610DA16A-7EC4-43EC-81F1-4FBE3B6F0032}.Debug|Any CPU.Build.0 = Debug|Any CPU
		{610DA16A-7EC4-43EC-81F1-4FBE3B6F0032}.Release|Any CPU.ActiveCfg = Release|Any CPU
		{610DA16A-7EC4-43EC-81F1-4FBE3B6F0032}.Release|Any CPU.Build.0 = Release|Any CPU
		{BE0A498C-78DD-4D63-8C93-186812C69146}.Debug|Any CPU.ActiveCfg = Debug|Any CPU
		{BE0A498C-78DD-4D63-8C93-186812C69146}.Debug|Any CPU.Build.0 = Debug|Any CPU
		{BE0A498C-78DD-4D63-8C93-186812C69146}.Release|Any CPU.ActiveCfg = Release|Any CPU
		{BE0A498C-78DD-4D63-8C93-186812C69146}.Release|Any CPU.Build.0 = Release|Any CPU
		{21F82648-F3EE-4052-BDBB-7CBEB7B1C459}.Debug|Any CPU.ActiveCfg = Debug|Any CPU
		{21F82648-F3EE-4052-BDBB-7CBEB7B1C459}.Debug|Any CPU.Build.0 = Debug|Any CPU
		{21F82648-F3EE-4052-BDBB-7CBEB7B1C459}.Release|Any CPU.ActiveCfg = Release|Any CPU
		{21F82648-F3EE-4052-BDBB-7CBEB7B1C459}.Release|Any CPU.Build.0 = Release|Any CPU
		{8FD06A12-6223-4ED6-AF09-370E53E88412}.Debug|Any CPU.ActiveCfg = Debug|Any CPU
		{8FD06A12-6223-4ED6-AF09-370E53E88412}.Debug|Any CPU.Build.0 = Debug|Any CPU
		{8FD06A12-6223-4ED6-AF09-370E53E88412}.Release|Any CPU.ActiveCfg = Release|Any CPU
		{8FD06A12-6223-4ED6-AF09-370E53E88412}.Release|Any CPU.Build.0 = Release|Any CPU
		{C97E78A2-E1D3-4520-BA4A-6AAFBCB04F1A}.Debug|Any CPU.ActiveCfg = Debug|Any CPU
		{C97E78A2-E1D3-4520-BA4A-6AAFBCB04F1A}.Debug|Any CPU.Build.0 = Debug|Any CPU
		{C97E78A2-E1D3-4520-BA4A-6AAFBCB04F1A}.Release|Any CPU.ActiveCfg = Release|Any CPU
		{C97E78A2-E1D3-4520-BA4A-6AAFBCB04F1A}.Release|Any CPU.Build.0 = Release|Any CPU
	EndGlobalSection
	GlobalSection(NestedProjects) = preSolution
		{E3DF05F6-4152-4E8A-A9DF-74A239B9D792} = {B6D8173C-7662-4B88-90CF-BEAE516FE8E3}
		{F306A2F7-5829-4AF0-820E-77EAAFEC9583} = {B6D8173C-7662-4B88-90CF-BEAE516FE8E3}
		{F1B3831D-FF35-4C8F-B613-1E36C27260C3} = {B6D8173C-7662-4B88-90CF-BEAE516FE8E3}
		{E4666BDE-7623-46F7-AD59-8762FFE85E90} = {B6D8173C-7662-4B88-90CF-BEAE516FE8E3}
		{610DA16A-7EC4-43EC-81F1-4FBE3B6F0032} = {32FC3484-321A-4A4A-9780-729CB603D2A0}
		{BE0A498C-78DD-4D63-8C93-186812C69146} = {32FC3484-321A-4A4A-9780-729CB603D2A0}
		{21F82648-F3EE-4052-BDBB-7CBEB7B1C459} = {32FC3484-321A-4A4A-9780-729CB603D2A0}
		{8FD06A12-6223-4ED6-AF09-370E53E88412} = {32FC3484-321A-4A4A-9780-729CB603D2A0}
	EndGlobalSection
EndGlobal
